
Microsoft Visual Studio Solution File, Format Version 12.00
# Visual Studio 14
VisualStudioVersion = 14.0.25123.0
MinimumVisualStudioVersion = 10.0.40219.1
Project("{FAE04EC0-301F-11D3-BF4B-00C04F79EFBC}") = "FlightSchedule.Domain", "FlightSchedule.Domain\FlightSchedule.Domain.csproj", "{5A5F878C-0AEC-4FD9-83C3-72C689004425}"
EndProject
Project("{FAE04EC0-301F-11D3-BF4B-00C04F79EFBC}") = "FlightSchedule.Specs", "FlightSchedule.Specs\FlightSchedule.Specs.csproj", "{241D10EB-07A0-4C7D-9F31-807E91862E67}"
EndProject
Project("{FAE04EC0-301F-11D3-BF4B-00C04F79EFBC}") = "FlightSchedule.Domain.Tests.Unit", "FlightSchedule.Domain.Tests.Unit\FlightSchedule.Domain.Tests.Unit.csproj", "{B1565D8D-F450-4F76-BED4-7B3FD84E292E}"
EndProject
Project("{2150E333-8FDC-42A3-9474-1A3956D46DE8}") = "Domain", "Domain", "{FB5F9F8B-62DB-413A-BBBC-7FCA41D851D7}"
EndProject
Project("{FAE04EC0-301F-11D3-BF4B-00C04F79EFBC}") = "FlightSchedule.Domain.TestUtil", "FlightSchedule.Domain.TestUtil\FlightSchedule.Domain.TestUtil.csproj", "{1AFB5188-9FAB-47F3-B7CE-B6D895970BF6}"
EndProject
Global
	GlobalSection(SolutionConfigurationPlatforms) = preSolution
		Debug|Any CPU = Debug|Any CPU
		Release|Any CPU = Release|Any CPU
	EndGlobalSection
	GlobalSection(ProjectConfigurationPlatforms) = postSolution
		{5A5F878C-0AEC-4FD9-83C3-72C689004425}.Debug|Any CPU.ActiveCfg = Debug|Any CPU
		{5A5F878C-0AEC-4FD9-83C3-72C689004425}.Debug|Any CPU.Build.0 = Debug|Any CPU
		{5A5F878C-0AEC-4FD9-83C3-72C689004425}.Release|Any CPU.ActiveCfg = Release|Any CPU
		{5A5F878C-0AEC-4FD9-83C3-72C689004425}.Release|Any CPU.Build.0 = Release|Any CPU
		{241D10EB-07A0-4C7D-9F31-807E91862E67}.Debug|Any CPU.ActiveCfg = Debug|Any CPU
		{241D10EB-07A0-4C7D-9F31-807E91862E67}.Debug|Any CPU.Build.0 = Debug|Any CPU
		{241D10EB-07A0-4C7D-9F31-807E91862E67}.Release|Any CPU.ActiveCfg = Release|Any CPU
		{241D10EB-07A0-4C7D-9F31-807E91862E67}.Release|Any CPU.Build.0 = Release|Any CPU
		{B1565D8D-F450-4F76-BED4-7B3FD84E292E}.Debug|Any CPU.ActiveCfg = Debug|Any CPU
		{B1565D8D-F450-4F76-BED4-7B3FD84E292E}.Debug|Any CPU.Build.0 = Debug|Any CPU
		{B1565D8D-F450-4F76-BED4-7B3FD84E292E}.Release|Any CPU.ActiveCfg = Release|Any CPU
		{B1565D8D-F450-4F76-BED4-7B3FD84E292E}.Release|Any CPU.Build.0 = Release|Any CPU
		{1AFB5188-9FAB-47F3-B7CE-B6D895970BF6}.Debug|Any CPU.ActiveCfg = Debug|Any CPU
		{1AFB5188-9FAB-47F3-B7CE-B6D895970BF6}.Debug|Any CPU.Build.0 = Debug|Any CPU
		{1AFB5188-9FAB-47F3-B7CE-B6D895970BF6}.Release|Any CPU.ActiveCfg = Release|Any CPU
		{1AFB5188-9FAB-47F3-B7CE-B6D895970BF6}.Release|Any CPU.Build.0 = Release|Any CPU
	EndGlobalSection
	GlobalSection(SolutionProperties) = preSolution
		HideSolutionNode = FALSE
	EndGlobalSection
	GlobalSection(NestedProjects) = preSolution
		{5A5F878C-0AEC-4FD9-83C3-72C689004425} = {FB5F9F8B-62DB-413A-BBBC-7FCA41D851D7}
		{B1565D8D-F450-4F76-BED4-7B3FD84E292E} = {FB5F9F8B-62DB-413A-BBBC-7FCA41D851D7}
		{1AFB5188-9FAB-47F3-B7CE-B6D895970BF6} = {FB5F9F8B-62DB-413A-BBBC-7FCA41D851D7}
	EndGlobalSection
EndGlobal
